
Microsoft Visual Studio Solution File, Format Version 12.00
# Visual Studio Version 17
VisualStudioVersion = 17.7.34202.233
MinimumVisualStudioVersion = 10.0.40219.1
Project("{9A19103F-16F7-4668-BE54-9A1E7A4F7556}") = "Builder", "Builder\Builder.csproj", "{4281D023-4B3C-47BA-B03E-ED0179063265}"
EndProject
Project("{9A19103F-16F7-4668-BE54-9A1E7A4F7556}") = "Prototype", "Prototype\Prototype.csproj", "{E01795FB-5FF5-4C42-841A-C7E2B53BAF92}"
EndProject
Project("{9A19103F-16F7-4668-BE54-9A1E7A4F7556}") = "Adapter", "Adapter\Adapter.csproj", "{1425AF3E-7547-48F4-BF66-674BFD576682}"
EndProject
Project("{9A19103F-16F7-4668-BE54-9A1E7A4F7556}") = "Abstract Factory", "Abstract Factory\Abstract Factory.csproj", "{80E66C61-7D9C-4ED9-BB3A-BDF109D469E0}"
EndProject
Project("{9A19103F-16F7-4668-BE54-9A1E7A4F7556}") = "Decorator", "Decorator\Decorator.csproj", "{F7DD1C37-6F62-4AB3-AB41-418E802EB5C3}"
EndProject
Project("{9A19103F-16F7-4668-BE54-9A1E7A4F7556}") = "Facade", "Facade\Facade.csproj", "{6498AE41-3163-4897-8B3E-957815DC04D2}"
EndProject
Project("{9A19103F-16F7-4668-BE54-9A1E7A4F7556}") = "Bridge", "Bridge\Bridge.csproj", "{220F0615-26AA-45DB-9BDF-B5738327B2E6}"
EndProject
Project("{9A19103F-16F7-4668-BE54-9A1E7A4F7556}") = "Composite", "Composite\Composite.csproj", "{AB286E79-29CA-41C0-9041-0967B64FE36E}"
EndProject
Project("{9A19103F-16F7-4668-BE54-9A1E7A4F7556}") = "Interpreter", "Interpreter\Interpreter.csproj", "{E6B9C57D-F9CC-44B3-8382-8EA78C932D74}"
EndProject
Project("{9A19103F-16F7-4668-BE54-9A1E7A4F7556}") = "Memento", "Memento\Memento.csproj", "{E2F2762F-1C93-4CA4-A8D8-F7EAF9BF9450}"
EndProject
Project("{9A19103F-16F7-4668-BE54-9A1E7A4F7556}") = "Observer", "Observer\Observer.csproj", "{B58F0FBC-0FFE-4710-A065-477B6B6EBCE7}"
EndProject
Project("{9A19103F-16F7-4668-BE54-9A1E7A4F7556}") = "Visitor", "Visitor\Visitor.csproj", "{484DE1DB-26CF-4773-86A0-4FACC95E220F}"
EndProject
Project("{9A19103F-16F7-4668-BE54-9A1E7A4F7556}") = "Chain of command", "Chain of command\Chain of command.csproj", "{B66AF57E-FEC1-4273-8D73-795DB03E7407}"
EndProject
Project("{9A19103F-16F7-4668-BE54-9A1E7A4F7556}") = "Mediator", "Mediator\Mediator.csproj", "{0736AF00-6FB7-4249-ABFB-A6C2EBD0162D}"
EndProject
Project("{9A19103F-16F7-4668-BE54-9A1E7A4F7556}") = "Proxy", "Proxy\Proxy.csproj", "{0B47015F-4B06-4978-ABF7-920D8AA170CF}"
EndProject
Project("{9A19103F-16F7-4668-BE54-9A1E7A4F7556}") = "Flyweight", "Flyweight\Flyweight.csproj", "{8BF95E0B-E312-483B-A8EE-F788A5C7AF99}"
EndProject
Project("{9A19103F-16F7-4668-BE54-9A1E7A4F7556}") = "Command", "Command\Command.csproj", "{B7A56E0F-F1AA-4FFE-B3DB-C64D54C2C545}"
EndProject
Project("{FAE04EC0-301F-11D3-BF4B-00C04F79EFBC}") = "Template Method", "Template Method\Template Method.csproj", "{C33A66BB-5B2B-404D-AC99-33F139CD99FB}"
EndProject
Project("{FAE04EC0-301F-11D3-BF4B-00C04F79EFBC}") = "Strategy", "Strategy\Strategy.csproj", "{34E67B74-9489-467C-90E7-3635FCF0881A}"
EndProject
Global
	GlobalSection(SolutionConfigurationPlatforms) = preSolution
		Debug|Any CPU = Debug|Any CPU
		Release|Any CPU = Release|Any CPU
	EndGlobalSection
	GlobalSection(ProjectConfigurationPlatforms) = postSolution
		{4281D023-4B3C-47BA-B03E-ED0179063265}.Debug|Any CPU.ActiveCfg = Debug|Any CPU
		{4281D023-4B3C-47BA-B03E-ED0179063265}.Debug|Any CPU.Build.0 = Debug|Any CPU
		{4281D023-4B3C-47BA-B03E-ED0179063265}.Release|Any CPU.ActiveCfg = Release|Any CPU
		{4281D023-4B3C-47BA-B03E-ED0179063265}.Release|Any CPU.Build.0 = Release|Any CPU
		{E01795FB-5FF5-4C42-841A-C7E2B53BAF92}.Debug|Any CPU.ActiveCfg = Debug|Any CPU
		{E01795FB-5FF5-4C42-841A-C7E2B53BAF92}.Debug|Any CPU.Build.0 = Debug|Any CPU
		{E01795FB-5FF5-4C42-841A-C7E2B53BAF92}.Release|Any CPU.ActiveCfg = Release|Any CPU
		{E01795FB-5FF5-4C42-841A-C7E2B53BAF92}.Release|Any CPU.Build.0 = Release|Any CPU
		{1425AF3E-7547-48F4-BF66-674BFD576682}.Debug|Any CPU.ActiveCfg = Debug|Any CPU
		{1425AF3E-7547-48F4-BF66-674BFD576682}.Debug|Any CPU.Build.0 = Debug|Any CPU
		{1425AF3E-7547-48F4-BF66-674BFD576682}.Release|Any CPU.ActiveCfg = Release|Any CPU
		{1425AF3E-7547-48F4-BF66-674BFD576682}.Release|Any CPU.Build.0 = Release|Any CPU
		{80E66C61-7D9C-4ED9-BB3A-BDF109D469E0}.Debug|Any CPU.ActiveCfg = Debug|Any CPU
		{80E66C61-7D9C-4ED9-BB3A-BDF109D469E0}.Debug|Any CPU.Build.0 = Debug|Any CPU
		{80E66C61-7D9C-4ED9-BB3A-BDF109D469E0}.Release|Any CPU.ActiveCfg = Release|Any CPU
		{80E66C61-7D9C-4ED9-BB3A-BDF109D469E0}.Release|Any CPU.Build.0 = Release|Any CPU
		{F7DD1C37-6F62-4AB3-AB41-418E802EB5C3}.Debug|Any CPU.ActiveCfg = Debug|Any CPU
		{F7DD1C37-6F62-4AB3-AB41-418E802EB5C3}.Debug|Any CPU.Build.0 = Debug|Any CPU
		{F7DD1C37-6F62-4AB3-AB41-418E802EB5C3}.Release|Any CPU.ActiveCfg = Release|Any CPU
		{F7DD1C37-6F62-4AB3-AB41-418E802EB5C3}.Release|Any CPU.Build.0 = Release|Any CPU
		{6498AE41-3163-4897-8B3E-957815DC04D2}.Debug|Any CPU.ActiveCfg = Debug|Any CPU
		{6498AE41-3163-4897-8B3E-957815DC04D2}.Debug|Any CPU.Build.0 = Debug|Any CPU
		{6498AE41-3163-4897-8B3E-957815DC04D2}.Release|Any CPU.ActiveCfg = Release|Any CPU
		{6498AE41-3163-4897-8B3E-957815DC04D2}.Release|Any CPU.Build.0 = Release|Any CPU
		{220F0615-26AA-45DB-9BDF-B5738327B2E6}.Debug|Any CPU.ActiveCfg = Debug|Any CPU
		{220F0615-26AA-45DB-9BDF-B5738327B2E6}.Debug|Any CPU.Build.0 = Debug|Any CPU
		{220F0615-26AA-45DB-9BDF-B5738327B2E6}.Release|Any CPU.ActiveCfg = Release|Any CPU
		{220F0615-26AA-45DB-9BDF-B5738327B2E6}.Release|Any CPU.Build.0 = Release|Any CPU
		{AB286E79-29CA-41C0-9041-0967B64FE36E}.Debug|Any CPU.ActiveCfg = Debug|Any CPU
		{AB286E79-29CA-41C0-9041-0967B64FE36E}.Debug|Any CPU.Build.0 = Debug|Any CPU
		{AB286E79-29CA-41C0-9041-0967B64FE36E}.Release|Any CPU.ActiveCfg = Release|Any CPU
		{AB286E79-29CA-41C0-9041-0967B64FE36E}.Release|Any CPU.Build.0 = Release|Any CPU
		{E6B9C57D-F9CC-44B3-8382-8EA78C932D74}.Debug|Any CPU.ActiveCfg = Debug|Any CPU
		{E6B9C57D-F9CC-44B3-8382-8EA78C932D74}.Debug|Any CPU.Build.0 = Debug|Any CPU
		{E6B9C57D-F9CC-44B3-8382-8EA78C932D74}.Release|Any CPU.ActiveCfg = Release|Any CPU
		{E6B9C57D-F9CC-44B3-8382-8EA78C932D74}.Release|Any CPU.Build.0 = Release|Any CPU
		{E2F2762F-1C93-4CA4-A8D8-F7EAF9BF9450}.Debug|Any CPU.ActiveCfg = Debug|Any CPU
		{E2F2762F-1C93-4CA4-A8D8-F7EAF9BF9450}.Debug|Any CPU.Build.0 = Debug|Any CPU
		{E2F2762F-1C93-4CA4-A8D8-F7EAF9BF9450}.Release|Any CPU.ActiveCfg = Release|Any CPU
		{E2F2762F-1C93-4CA4-A8D8-F7EAF9BF9450}.Release|Any CPU.Build.0 = Release|Any CPU
		{B58F0FBC-0FFE-4710-A065-477B6B6EBCE7}.Debug|Any CPU.ActiveCfg = Debug|Any CPU
		{B58F0FBC-0FFE-4710-A065-477B6B6EBCE7}.Debug|Any CPU.Build.0 = Debug|Any CPU
		{B58F0FBC-0FFE-4710-A065-477B6B6EBCE7}.Release|Any CPU.ActiveCfg = Release|Any CPU
		{B58F0FBC-0FFE-4710-A065-477B6B6EBCE7}.Release|Any CPU.Build.0 = Release|Any CPU
		{484DE1DB-26CF-4773-86A0-4FACC95E220F}.Debug|Any CPU.ActiveCfg = Debug|Any CPU
		{484DE1DB-26CF-4773-86A0-4FACC95E220F}.Debug|Any CPU.Build.0 = Debug|Any CPU
		{484DE1DB-26CF-4773-86A0-4FACC95E220F}.Release|Any CPU.ActiveCfg = Release|Any CPU
		{484DE1DB-26CF-4773-86A0-4FACC95E220F}.Release|Any CPU.Build.0 = Release|Any CPU
		{B66AF57E-FEC1-4273-8D73-795DB03E7407}.Debug|Any CPU.ActiveCfg = Debug|Any CPU
		{B66AF57E-FEC1-4273-8D73-795DB03E7407}.Debug|Any CPU.Build.0 = Debug|Any CPU
		{B66AF57E-FEC1-4273-8D73-795DB03E7407}.Release|Any CPU.ActiveCfg = Release|Any CPU
		{B66AF57E-FEC1-4273-8D73-795DB03E7407}.Release|Any CPU.Build.0 = Release|Any CPU
		{0736AF00-6FB7-4249-ABFB-A6C2EBD0162D}.Debug|Any CPU.ActiveCfg = Debug|Any CPU
		{0736AF00-6FB7-4249-ABFB-A6C2EBD0162D}.Debug|Any CPU.Build.0 = Debug|Any CPU
		{0736AF00-6FB7-4249-ABFB-A6C2EBD0162D}.Release|Any CPU.ActiveCfg = Release|Any CPU
		{0736AF00-6FB7-4249-ABFB-A6C2EBD0162D}.Release|Any CPU.Build.0 = Release|Any CPU
		{0B47015F-4B06-4978-ABF7-920D8AA170CF}.Debug|Any CPU.ActiveCfg = Debug|Any CPU
		{0B47015F-4B06-4978-ABF7-920D8AA170CF}.Debug|Any CPU.Build.0 = Debug|Any CPU
		{0B47015F-4B06-4978-ABF7-920D8AA170CF}.Release|Any CPU.ActiveCfg = Release|Any CPU
		{0B47015F-4B06-4978-ABF7-920D8AA170CF}.Release|Any CPU.Build.0 = Release|Any CPU
		{8BF95E0B-E312-483B-A8EE-F788A5C7AF99}.Debug|Any CPU.ActiveCfg = Debug|Any CPU
		{8BF95E0B-E312-483B-A8EE-F788A5C7AF99}.Debug|Any CPU.Build.0 = Debug|Any CPU
		{8BF95E0B-E312-483B-A8EE-F788A5C7AF99}.Release|Any CPU.ActiveCfg = Release|Any CPU
		{8BF95E0B-E312-483B-A8EE-F788A5C7AF99}.Release|Any CPU.Build.0 = Release|Any CPU
		{B7A56E0F-F1AA-4FFE-B3DB-C64D54C2C545}.Debug|Any CPU.ActiveCfg = Debug|Any CPU
		{B7A56E0F-F1AA-4FFE-B3DB-C64D54C2C545}.Debug|Any CPU.Build.0 = Debug|Any CPU
		{B7A56E0F-F1AA-4FFE-B3DB-C64D54C2C545}.Release|Any CPU.ActiveCfg = Release|Any CPU
		{B7A56E0F-F1AA-4FFE-B3DB-C64D54C2C545}.Release|Any CPU.Build.0 = Release|Any CPU
		{C33A66BB-5B2B-404D-AC99-33F139CD99FB}.Debug|Any CPU.ActiveCfg = Debug|Any CPU
		{C33A66BB-5B2B-404D-AC99-33F139CD99FB}.Debug|Any CPU.Build.0 = Debug|Any CPU
		{C33A66BB-5B2B-404D-AC99-33F139CD99FB}.Release|Any CPU.ActiveCfg = Release|Any CPU
		{C33A66BB-5B2B-404D-AC99-33F139CD99FB}.Release|Any CPU.Build.0 = Release|Any CPU
		{34E67B74-9489-467C-90E7-3635FCF0881A}.Debug|Any CPU.ActiveCfg = Debug|Any CPU
		{34E67B74-9489-467C-90E7-3635FCF0881A}.Debug|Any CPU.Build.0 = Debug|Any CPU
		{34E67B74-9489-467C-90E7-3635FCF0881A}.Release|Any CPU.ActiveCfg = Release|Any CPU
		{34E67B74-9489-467C-90E7-3635FCF0881A}.Release|Any CPU.Build.0 = Release|Any CPU
	EndGlobalSection
	GlobalSection(SolutionProperties) = preSolution
		HideSolutionNode = FALSE
	EndGlobalSection
	GlobalSection(ExtensibilityGlobals) = postSolution
		SolutionGuid = {164AF81F-FD45-4E1F-BFD2-B878E3097868}
	EndGlobalSection
EndGlobal
