
Microsoft Visual Studio Solution File, Format Version 12.00
# Visual Studio Version 17
VisualStudioVersion = 17.7.34202.233
MinimumVisualStudioVersion = 10.0.40219.1
Project("{FAE04EC0-301F-11D3-BF4B-00C04F79EFBC}") = "Builder", "Builder\Builder.csproj", "{4281D023-4B3C-47BA-B03E-ED0179063265}"
EndProject
Project("{FAE04EC0-301F-11D3-BF4B-00C04F79EFBC}") = "Prototype", "Prototype\Prototype.csproj", "{E01795FB-5FF5-4C42-841A-C7E2B53BAF92}"
EndProject
Project("{FAE04EC0-301F-11D3-BF4B-00C04F79EFBC}") = "Adapter", "Adapter\Adapter.csproj", "{1425AF3E-7547-48F4-BF66-674BFD576682}"
EndProject
Project("{FAE04EC0-301F-11D3-BF4B-00C04F79EFBC}") = "Abstract Factory", "Abstract Factory\Abstract Factory.csproj", "{80E66C61-7D9C-4ED9-BB3A-BDF109D469E0}"
EndProject
Global
	GlobalSection(SolutionConfigurationPlatforms) = preSolution
		Debug|Any CPU = Debug|Any CPU
		Release|Any CPU = Release|Any CPU
	EndGlobalSection
	GlobalSection(ProjectConfigurationPlatforms) = postSolution
		{4281D023-4B3C-47BA-B03E-ED0179063265}.Debug|Any CPU.ActiveCfg = Debug|Any CPU
		{4281D023-4B3C-47BA-B03E-ED0179063265}.Debug|Any CPU.Build.0 = Debug|Any CPU
		{4281D023-4B3C-47BA-B03E-ED0179063265}.Release|Any CPU.ActiveCfg = Release|Any CPU
		{4281D023-4B3C-47BA-B03E-ED0179063265}.Release|Any CPU.Build.0 = Release|Any CPU
		{E01795FB-5FF5-4C42-841A-C7E2B53BAF92}.Debug|Any CPU.ActiveCfg = Debug|Any CPU
		{E01795FB-5FF5-4C42-841A-C7E2B53BAF92}.Debug|Any CPU.Build.0 = Debug|Any CPU
		{E01795FB-5FF5-4C42-841A-C7E2B53BAF92}.Release|Any CPU.ActiveCfg = Release|Any CPU
		{E01795FB-5FF5-4C42-841A-C7E2B53BAF92}.Release|Any CPU.Build.0 = Release|Any CPU
		{1425AF3E-7547-48F4-BF66-674BFD576682}.Debug|Any CPU.ActiveCfg = Debug|Any CPU
		{1425AF3E-7547-48F4-BF66-674BFD576682}.Debug|Any CPU.Build.0 = Debug|Any CPU
		{1425AF3E-7547-48F4-BF66-674BFD576682}.Release|Any CPU.ActiveCfg = Release|Any CPU
		{1425AF3E-7547-48F4-BF66-674BFD576682}.Release|Any CPU.Build.0 = Release|Any CPU
		{80E66C61-7D9C-4ED9-BB3A-BDF109D469E0}.Debug|Any CPU.ActiveCfg = Debug|Any CPU
		{80E66C61-7D9C-4ED9-BB3A-BDF109D469E0}.Debug|Any CPU.Build.0 = Debug|Any CPU
		{80E66C61-7D9C-4ED9-BB3A-BDF109D469E0}.Release|Any CPU.ActiveCfg = Release|Any CPU
		{80E66C61-7D9C-4ED9-BB3A-BDF109D469E0}.Release|Any CPU.Build.0 = Release|Any CPU
	EndGlobalSection
	GlobalSection(SolutionProperties) = preSolution
		HideSolutionNode = FALSE
	EndGlobalSection
	GlobalSection(ExtensibilityGlobals) = postSolution
		SolutionGuid = {164AF81F-FD45-4E1F-BFD2-B878E3097868}
	EndGlobalSection
EndGlobal
